
Microsoft Visual Studio Solution File, Format Version 12.00
# Visual Studio Version 16
VisualStudioVersion = 16.0.30011.22
MinimumVisualStudioVersion = 10.0.40219.1
Project("{FAE04EC0-301F-11D3-BF4B-00C04F79EFBC}") = "MaterialLoginForm", "MaterialLoginForm\MaterialLoginForm.csproj", "{F826CA4F-D6AC-4BCB-A346-8AFF6BC80E4D}"
EndProject
Global
	GlobalSection(SolutionConfigurationPlatforms) = preSolution
		Debug|Any CPU = Debug|Any CPU
		Release|Any CPU = Release|Any CPU
	EndGlobalSection
	GlobalSection(ProjectConfigurationPlatforms) = postSolution
		{F826CA4F-D6AC-4BCB-A346-8AFF6BC80E4D}.Debug|Any CPU.ActiveCfg = Debug|Any CPU
		{F826CA4F-D6AC-4BCB-A346-8AFF6BC80E4D}.Debug|Any CPU.Build.0 = Debug|Any CPU
		{F826CA4F-D6AC-4BCB-A346-8AFF6BC80E4D}.Release|Any CPU.ActiveCfg = Release|Any CPU
		{F826CA4F-D6AC-4BCB-A346-8AFF6BC80E4D}.Release|Any CPU.Build.0 = Release|Any CPU
	EndGlobalSection
	GlobalSection(SolutionProperties) = preSolution
		HideSolutionNode = FALSE
	EndGlobalSection
	GlobalSection(ExtensibilityGlobals) = postSolution
		SolutionGuid = {4B7B4C5B-73C0-4D97-A18E-5D51B2B10FCB}
	EndGlobalSection
EndGlobal
